schema: '2.0'
stages:
  load_data:
    cmd: python src/load_data.py --config=params.yaml
    deps:
    - path: data_given/Surgical-deepnet.csv
      md5: 16c9254a13d0f28aca297f62ac9547be
      size: 1230003
    - path: src/get_data.py
      md5: 69b51ca8f4d82943715b85b5bbcec18b
      size: 1670
    - path: src/load_data.py
      md5: f4f5e1ae77074f44510c3c46243b9b2a
      size: 686
    outs:
    - path: data/raw/Surgical-deepnet.csv
      md5: 9244ac15e66d12f5e2875c2105e900b7
      size: 1270718
  split_data:
    cmd: python src/split_data.py --config=params.yaml
    deps:
    - path: data/raw/Surgical-deepnet.csv
      md5: 9244ac15e66d12f5e2875c2105e900b7
      size: 1270718
    - path: src/split_data.py
      md5: eaf830f100f84fa38d5869753b0f5bf8
      size: 1100
    outs:
    - path: data/processed/test.csv
      md5: 71f4507ca5409ca4057a145bbab0dad0
      size: 316418
    - path: data/processed/train.csv
      md5: 1edbd815740b3826a3ac4897de41a0eb
      size: 948577
  train_and_evaluate:
    cmd:
    - python src/train_and_evaluate.py --config=params.yaml
    - dvc plots show
    deps:
    - path: data/processed/test.csv
      md5: 71f4507ca5409ca4057a145bbab0dad0
      size: 316418
    - path: data/processed/train.csv
      md5: 1edbd815740b3826a3ac4897de41a0eb
      size: 948577
    - path: src/numpyencoder.py
      md5: 0ce35639d3fd131b6eb762dc53908d4a
      size: 996
    - path: src/train_and_evaluate.py
      md5: 687124bfccd909bd122db385957d9aee
      size: 6050
    outs:
    - path: cm.csv
      md5: b2a30cb957d6608e89d834c9319c7da0
      size: 18319
    - path: report/prc.json
      md5: efe20390ab0bd34415bf891bb9313f12
      size: 290
    - path: report/roc.json
      md5: 9551b44bd8e360e85d43c4f95e72f94d
      size: 358
    - path: report/scores.json
      md5: c645d3c220a625a053f750e7241686c1
      size: 150
    - path: saved_models/model.joblib
      md5: 40d2bfb57b4e40fc843a9e2a22f16530
      size: 140654
